<?xml version="1.0" encoding="utf-8"?>
<Project ToolsVersion="4.0" xmlns="http://schemas.microsoft.com/developer/msbuild/2003">
  <ItemGroup>
    <Filter Include="Source Files">
      <UniqueIdentifier>{4FC737F1-C7A5-4376-A066-2A32D752A2FF}</UniqueIdentifier>
      <Extensions>cpp;c;cc;cxx;c++;cppm;ixx;def;odl;idl;hpj;bat;asm;asmx</Extensions>
    </Filter>
    <Filter Include="Header Files">
      <UniqueIdentifier>{93995380-89BD-4b04-88EB-625FBE52EBFB}</UniqueIdentifier>
      <Extensions>h;hh;hpp;hxx;h++;hm;inl;inc;ipp;xsd</Extensions>
    </Filter>
    <Filter Include="Resource Files">
      <UniqueIdentifier>{67DA6AB6-F800-4c08-8B7A-83BB121AAD01}</UniqueIdentifier>
      <Extensions>rc;ico;cur;bmp;dlg;rc2;rct;bin;rgs;gif;jpg;jpeg;jpe;resx;tiff;tif;png;wav;mfcribbon-ms</Extensions>
    </Filter>
  </ItemGroup>
  <ItemGroup>
    <None Include="README.md" />
    <None Include="secrets.md" />
  </ItemGroup>
  <ItemGroup>
    <ClCompile Include="merope\src\main.cpp">
      <Filter>Source Files</Filter>
    </ClCompile>
    <ClCompile Include="merope\src\ai\mock_ai_provider.cpp">
      <Filter>Source Files</Filter>
    </ClCompile>
    <ClCompile Include="merope\src\ai\http_client.cpp">
      <Filter>Source Files</Filter>
    </ClCompile>
    <ClCompile Include="merope\src\ai\remote_ai_provider.cpp">
      <Filter>Source Files</Filter>
    </ClCompile>
    <ClCompile Include="merope\src\app\pipeline.cpp">
      <Filter>Source Files</Filter>
    </ClCompile>
    <ClCompile Include="merope\src\bench\benchmark.cpp">
      <Filter>Source Files</Filter>
    </ClCompile>
    <ClCompile Include="merope\src\core\json.cpp">
      <Filter>Source Files</Filter>
    </ClCompile>
    <ClCompile Include="merope\src\core\parse.cpp">
      <Filter>Source Files</Filter>
    </ClCompile>
    <ClCompile Include="merope\src\core\types.cpp">
      <Filter>Source Files</Filter>
    </ClCompile>
    <ClCompile Include="merope\src\dataset\csv_format.cpp">
      <Filter>Source Files</Filter>
    </ClCompile>
    <ClCompile Include="merope\src\dataset\csv_reader.cpp">
      <Filter>Source Files</Filter>
    </ClCompile>
    <ClCompile Include="merope\src\dataset\csv_sniffer.cpp">
      <Filter>Source Files</Filter>
    </ClCompile>
    <ClCompile Include="merope\src\dataset\encoding.cpp">
      <Filter>Source Files</Filter>
    </ClCompile>
    <ClCompile Include="merope\src\dataset\generator.cpp">
      <Filter>Source Files</Filter>
    </ClCompile>
    <ClCompile Include="merope\src\dataset\sampler.cpp">
      <Filter>Source Files</Filter>
    </ClCompile>
    <ClCompile Include="merope\src\engine\evaluator.cpp">
      <Filter>Source Files</Filter>
    </ClCompile>
    <ClCompile Include="merope\src\engine\execution_report.cpp">
      <Filter>Source Files</Filter>
    </ClCompile>
    <ClCompile Include="merope\src\engine\processing_engine.cpp">
      <Filter>Source Files</Filter>
    </ClCompile>
    <ClCompile Include="merope\src\parallel\partitioner.cpp">
      <Filter>Source Files</Filter>
    </ClCompile>
    <ClCompile Include="merope\src\parallel\thread_pool.cpp">
      <Filter>Source Files</Filter>
    </ClCompile>
    <ClCompile Include="merope\src\plan\expression.cpp">
      <Filter>Source Files</Filter>
    </ClCompile>
    <ClCompile Include="merope\src\plan\plan_validator.cpp">
      <Filter>Source Files</Filter>
    </ClCompile>
    <ClCompile Include="merope\src\plan\query_plan.cpp">
      <Filter>Source Files</Filter>
    </ClCompile>
    <ClCompile Include="merope\src\schema\data_profiler.cpp">
      <Filter>Source Files</Filter>
    </ClCompile>
    <ClCompile Include="merope\src\schema\heuristic_inference.cpp">
      <Filter>Source Files</Filter>
    </ClCompile>
    <ClCompile Include="merope\src\schema\schema.cpp">
      <Filter>Source Files</Filter>
    </ClCompile>
    <ClCompile Include="merope\src\web\api.cpp">
      <Filter>Source Files</Filter>
    </ClCompile>
    <ClCompile Include="merope\src\web\http_server.cpp">
      <Filter>Source Files</Filter>
    </ClCompile>
    <ClCompile Include="merope\src\web\ui_assets.cpp">
      <Filter>Source Files</Filter>
    </ClCompile>
    <ClCompile Include="merope\tests\self_test.cpp">
      <Filter>Source Files</Filter>
    </ClCompile>
  </ItemGroup>
  <ItemGroup>
    <ClInclude Include="merope\src\ai\ai_provider.h">
      <Filter>Header Files</Filter>
    </ClInclude>
    <ClInclude Include="merope\src\ai\mock_ai_provider.h">
      <Filter>Header Files</Filter>
    </ClInclude>
    <ClInclude Include="merope\src\ai\http_client.h">
      <Filter>Header Files</Filter>
    </ClInclude>
    <ClInclude Include="merope\src\ai\remote_ai_provider.h">
      <Filter>Header Files</Filter>
    </ClInclude>
    <ClInclude Include="merope\src\app\pipeline.h">
      <Filter>Header Files</Filter>
    </ClInclude>
    <ClInclude Include="merope\src\bench\benchmark.h">
      <Filter>Header Files</Filter>
    </ClInclude>
    <ClInclude Include="merope\src\app\cli.h">
      <Filter>Header Files</Filter>
    </ClInclude>
    <ClInclude Include="merope\src\core\json.h">
      <Filter>Header Files</Filter>
    </ClInclude>
    <ClInclude Include="merope\src\core\json_parser.h">
      <Filter>Header Files</Filter>
    </ClInclude>
    <ClInclude Include="merope\src\core\parse.h">
      <Filter>Header Files</Filter>
    </ClInclude>
    <ClInclude Include="merope\src\core\types.h">
      <Filter>Header Files</Filter>
    </ClInclude>
    <ClInclude Include="merope\src\dataset\csv_format.h">
      <Filter>Header Files</Filter>
    </ClInclude>
    <ClInclude Include="merope\src\dataset\csv_reader.h">
      <Filter>Header Files</Filter>
    </ClInclude>
    <ClInclude Include="merope\src\dataset\csv_sniffer.h">
      <Filter>Header Files</Filter>
    </ClInclude>
    <ClInclude Include="merope\src\dataset\encoding.h">
      <Filter>Header Files</Filter>
    </ClInclude>
    <ClInclude Include="merope\src\dataset\generator.h">
      <Filter>Header Files</Filter>
    </ClInclude>
    <ClInclude Include="merope\src\dataset\sampler.h">
      <Filter>Header Files</Filter>
    </ClInclude>
    <ClInclude Include="merope\src\engine\chunk.h">
      <Filter>Header Files</Filter>
    </ClInclude>
    <ClInclude Include="merope\src\engine\evaluator.h">
      <Filter>Header Files</Filter>
    </ClInclude>
    <ClInclude Include="merope\src\engine\execution_report.h">
      <Filter>Header Files</Filter>
    </ClInclude>
    <ClInclude Include="merope\src\engine\processing_engine.h">
      <Filter>Header Files</Filter>
    </ClInclude>
    <ClInclude Include="merope\src\parallel\partitioner.h">
      <Filter>Header Files</Filter>
    </ClInclude>
    <ClInclude Include="merope\src\parallel\thread_pool.h">
      <Filter>Header Files</Filter>
    </ClInclude>
    <ClInclude Include="merope\src\plan\expression.h">
      <Filter>Header Files</Filter>
    </ClInclude>
    <ClInclude Include="merope\src\plan\expression_parser.h">
      <Filter>Header Files</Filter>
    </ClInclude>
    <ClInclude Include="merope\src\plan\plan_validator.h">
      <Filter>Header Files</Filter>
    </ClInclude>
    <ClInclude Include="merope\src\plan\plan_compiler.h">
      <Filter>Header Files</Filter>
    </ClInclude>
    <ClInclude Include="merope\src\plan\query_plan.h">
      <Filter>Header Files</Filter>
    </ClInclude>
    <ClInclude Include="merope\src\schema\data_profiler.h">
      <Filter>Header Files</Filter>
    </ClInclude>
    <ClInclude Include="merope\src\schema\heuristic_inference.h">
      <Filter>Header Files</Filter>
    </ClInclude>
    <ClInclude Include="merope\src\schema\schema.h">
      <Filter>Header Files</Filter>
    </ClInclude>
    <ClInclude Include="merope\src\web\api.h">
      <Filter>Header Files</Filter>
    </ClInclude>
    <ClInclude Include="merope\src\web\http_server.h">
      <Filter>Header Files</Filter>
    </ClInclude>
    <ClInclude Include="merope\src\web\ui_assets.h">
      <Filter>Header Files</Filter>
    </ClInclude>
    <ClInclude Include="merope\tests\self_test.h">
      <Filter>Header Files</Filter>
    </ClInclude>
  </ItemGroup>
</Project>